{
  "nodes": {
    "flake-utils": {
      "inputs": {
        "systems": "systems"
      },
      "locked": {
        "lastModified": 1692799911,
        "narHash": "sha256-3eihraek4qL744EvQXsK1Ha6C3CR7nnT8X2qWap4RNk=",
        "owner": "numtide",
        "repo": "flake-utils",
        "rev": "f9e7cf818399d17d347f847525c5a5a8032e4e44",
        "type": "github"
      },
      "original": {
        "id": "flake-utils",
        "type": "indirect"
      }
    },
    "flake-utils_2": {
      "inputs": {
        "systems": "systems_2"
      },
      "locked": {
        "lastModified": 1694529238,
        "narHash": "sha256-zsNZZGTGnMOf9YpHKJqMSsa0dXbfmxeoJ7xHlrt+xmY=",
        "owner": "numtide",
        "repo": "flake-utils",
        "rev": "ff7b65b44d01cf9ba6a71320833626af21126384",
        "type": "github"
      },
      "original": {
        "id": "flake-utils",
        "type": "indirect"
      }
    },
    "libshv": {
      "inputs": {
        "flake-utils": "flake-utils_2",
        "nixpkgs": "nixpkgs"
      },
      "locked": {
        "lastModified": 1695376977,
        "narHash": "sha256-EX5xv33ck0hIhy/0TNmusNV9iiSxbDWE+mWEiPYNSYs=",
        "ref": "refs/heads/master",
        "rev": "94b6fe9c8acc091e16a4fa8b189b6d437ff97fbb",
        "revCount": 2254,
        "submodules": true,
        "type": "git",
        "url": "https://github.com/silicon-heaven/libshv.git"
      },
      "original": {
        "submodules": true,
        "type": "git",
        "url": "https://github.com/silicon-heaven/libshv.git"
      }
    },
    "nixpkgs": {
      "locked": {
        "lastModified": 1694948089,
        "narHash": "sha256-d2B282GmQ9o8klc22/Rbbbj6r99EnELQpOQjWMyv0rU=",
        "owner": "NixOS",
        "repo": "nixpkgs",
        "rev": "5148520bfab61f99fd25fb9ff7bfbb50dad3c9db",
        "type": "github"
      },
      "original": {
        "id": "nixpkgs",
        "type": "indirect"
      }
    },
    "nixpkgs_2": {
      "locked": {
        "lastModified": 1694032533,
        "narHash": "sha256-I8cfCV/4JNJJ8KHOTxTU1EphKT8ARSb4s9pq99prYV0=",
        "owner": "NixOS",
        "repo": "nixpkgs",
        "rev": "efd23a1c9ae8c574e2ca923c2b2dc336797f4cc4",
        "type": "github"
      },
      "original": {
        "id": "nixpkgs",
        "type": "indirect"
      }
    },
    "root": {
      "inputs": {
        "flake-utils": "flake-utils",
        "libshv": "libshv",
        "nixpkgs": "nixpkgs_2"
      }
    },
    "systems": {
      "locked": {
        "lastModified": 1681028828,
        "narHash": "sha256-Vy1rq5AaRuLzOxct8nz4T6wlgyUR7zLU309k9mBC768=",
        "owner": "nix-systems",
        "repo": "default",
        "rev": "da67096a3b9bf56a91d16901293e51ba5b49a27e",
        "type": "github"
      },
      "original": {
        "owner": "nix-systems",
        "repo": "default",
        "type": "github"
      }
    },
    "systems_2": {
      "locked": {
        "lastModified": 1681028828,
        "narHash": "sha256-Vy1rq5AaRuLzOxct8nz4T6wlgyUR7zLU309k9mBC768=",
        "owner": "nix-systems",
        "repo": "default",
        "rev": "da67096a3b9bf56a91d16901293e51ba5b49a27e",
        "type": "github"
      },
      "original": {
        "owner": "nix-systems",
        "repo": "default",
        "type": "github"
      }
    }
  },
  "root": "root",
  "version": 7
}
